
Microsoft Visual Studio Solution File, Format Version 12.00
# Visual Studio Version 16
VisualStudioVersion = 16.0.31112.23
MinimumVisualStudioVersion = 10.0.40219.1
Project("{8BC9CEB8-8B4A-11D0-8D11-00A0C91BC942}") = "DX12WithTest", "DX12WithTest\DX12WithTest.vcxproj", "{81D7BCBE-85D5-422D-B071-99FDC34B0921}"
EndProject
Project("{2150E333-8FDC-42A3-9474-1A3956D46DE8}") = "modules", "modules", "{F41D1FDE-C4B5-4430-BB70-F6BFEFEDDF2A}"
EndProject
Project("{2150E333-8FDC-42A3-9474-1A3956D46DE8}") = "moduleTests", "moduleTests", "{50F6A42F-0328-4852-8E6A-0FF0C25AA847}"
EndProject
Project("{8BC9CEB8-8B4A-11D0-8D11-00A0C91BC942}") = "core", "modules\core\core.vcxproj", "{AB52421E-520B-46D7-A9CF-32998EE9848D}"
EndProject
Project("{8BC9CEB8-8B4A-11D0-8D11-00A0C91BC942}") = "coreTest", "moduleTests\coreTest\coreTest.vcxproj", "{26A4594B-A826-4753-83DB-97ACB766E43A}"
EndProject
Global
	GlobalSection(SolutionConfigurationPlatforms) = preSolution
		Debug|x64 = Debug|x64
		Debug|x86 = Debug|x86
		Release|x64 = Release|x64
		Release|x86 = Release|x86
	EndGlobalSection
	GlobalSection(ProjectConfigurationPlatforms) = postSolution
		{81D7BCBE-85D5-422D-B071-99FDC34B0921}.Debug|x64.ActiveCfg = Debug|x64
		{81D7BCBE-85D5-422D-B071-99FDC34B0921}.Debug|x64.Build.0 = Debug|x64
		{81D7BCBE-85D5-422D-B071-99FDC34B0921}.Debug|x86.ActiveCfg = Debug|Win32
		{81D7BCBE-85D5-422D-B071-99FDC34B0921}.Debug|x86.Build.0 = Debug|Win32
		{81D7BCBE-85D5-422D-B071-99FDC34B0921}.Release|x64.ActiveCfg = Release|x64
		{81D7BCBE-85D5-422D-B071-99FDC34B0921}.Release|x64.Build.0 = Release|x64
		{81D7BCBE-85D5-422D-B071-99FDC34B0921}.Release|x86.ActiveCfg = Release|Win32
		{81D7BCBE-85D5-422D-B071-99FDC34B0921}.Release|x86.Build.0 = Release|Win32
		{AB52421E-520B-46D7-A9CF-32998EE9848D}.Debug|x64.ActiveCfg = Debug|x64
		{AB52421E-520B-46D7-A9CF-32998EE9848D}.Debug|x64.Build.0 = Debug|x64
		{AB52421E-520B-46D7-A9CF-32998EE9848D}.Debug|x86.ActiveCfg = Debug|Win32
		{AB52421E-520B-46D7-A9CF-32998EE9848D}.Debug|x86.Build.0 = Debug|Win32
		{AB52421E-520B-46D7-A9CF-32998EE9848D}.Release|x64.ActiveCfg = Release|x64
		{AB52421E-520B-46D7-A9CF-32998EE9848D}.Release|x64.Build.0 = Release|x64
		{AB52421E-520B-46D7-A9CF-32998EE9848D}.Release|x86.ActiveCfg = Release|Win32
		{AB52421E-520B-46D7-A9CF-32998EE9848D}.Release|x86.Build.0 = Release|Win32
		{26A4594B-A826-4753-83DB-97ACB766E43A}.Debug|x64.ActiveCfg = Debug|x64
		{26A4594B-A826-4753-83DB-97ACB766E43A}.Debug|x64.Build.0 = Debug|x64
		{26A4594B-A826-4753-83DB-97ACB766E43A}.Debug|x86.ActiveCfg = Debug|Win32
		{26A4594B-A826-4753-83DB-97ACB766E43A}.Debug|x86.Build.0 = Debug|Win32
		{26A4594B-A826-4753-83DB-97ACB766E43A}.Release|x64.ActiveCfg = Release|x64
		{26A4594B-A826-4753-83DB-97ACB766E43A}.Release|x64.Build.0 = Release|x64
		{26A4594B-A826-4753-83DB-97ACB766E43A}.Release|x86.ActiveCfg = Release|Win32
		{26A4594B-A826-4753-83DB-97ACB766E43A}.Release|x86.Build.0 = Release|Win32
	EndGlobalSection
	GlobalSection(SolutionProperties) = preSolution
		HideSolutionNode = FALSE
	EndGlobalSection
	GlobalSection(NestedProjects) = preSolution
		{AB52421E-520B-46D7-A9CF-32998EE9848D} = {F41D1FDE-C4B5-4430-BB70-F6BFEFEDDF2A}
		{26A4594B-A826-4753-83DB-97ACB766E43A} = {50F6A42F-0328-4852-8E6A-0FF0C25AA847}
	EndGlobalSection
	GlobalSection(ExtensibilityGlobals) = postSolution
		SolutionGuid = {0874D7F6-4801-44B9-BE1F-A13BBBCA801A}
	EndGlobalSection
EndGlobal
